
Microsoft Visual Studio Solution File, Format Version 12.00
# Visual Studio 15
VisualStudioVersion = 15.0.28010.2041
MinimumVisualStudioVersion = 10.0.40219.1
Project("{FAE04EC0-301F-11D3-BF4B-00C04F79EFBC}") = "1.1", "1.1\1.1.csproj", "{B0A0AD30-ED71-4024-A99F-75441EBADB0E}"
EndProject
Global
	GlobalSection(SolutionConfigurationPlatforms) = preSolution
		Debug|Any CPU = Debug|Any CPU
		Release|Any CPU = Release|Any CPU
	EndGlobalSection
	GlobalSection(ProjectConfigurationPlatforms) = postSolution
		{B0A0AD30-ED71-4024-A99F-75441EBADB0E}.Debug|Any CPU.ActiveCfg = Debug|Any CPU
		{B0A0AD30-ED71-4024-A99F-75441EBADB0E}.Debug|Any CPU.Build.0 = Debug|Any CPU
		{B0A0AD30-ED71-4024-A99F-75441EBADB0E}.Release|Any CPU.ActiveCfg = Release|Any CPU
		{B0A0AD30-ED71-4024-A99F-75441EBADB0E}.Release|Any CPU.Build.0 = Release|Any CPU
	EndGlobalSection
	GlobalSection(SolutionProperties) = preSolution
		HideSolutionNode = FALSE
	EndGlobalSection
	GlobalSection(ExtensibilityGlobals) = postSolution
		SolutionGuid = {5047E437-0A15-4139-B226-C1A874E3C2BC}
	EndGlobalSection
EndGlobal
